github.com/AchmadRifai/array-utils v1.0.2 h1:uCXEBGcAXx1IdlYRhQ2wXwahbt3PXK3MPrkGVvXbrCg=
github.com/AchmadRifai/array-utils v1.0.2/go.mod h1:Vc4BbKhoMFRXKg802UCRy0eIC3r1QiQYe4XsuK7gy6c=
github.com/AchmadRifai/maps-utils v1.0.0 h1:w1MnAFPB5FPvhlprTCCQnTgYSjj9xJ7vRlnQUGD+BiA=
github.com/AchmadRifai/maps-utils v1.0.0/go.mod h1:C8vFq9AiC79iiKepYw+thoOCTMHlfIKNs5iV7DaC2sU=
github.com/aws/aws-lambda-go v1.47.0 h1:0H8s0vumYx/YKs4sE7YM0ktwL2eWse+kfopsRI1sXVI=
github.com/aws/aws-lambda-go v1.47.0/go.mod h1:dpMpZgvWx5vuQJfBt0zqBha60q7Dd7RfgJv23DymV8A=
github.com/davecgh/go-spew v1.1.1 h1:vj9j/u1bqnvCEfJOwUhtlOARqs3+rkHYY13jYWTU97c=
github.com/davecgh/go-spew v1.1.1/go.mod h1:J7Y8YcW2NihsgmVo/mv3lAwl/skON4iLHjSsI+c5H38=
github.com/golang-collections/collections v0.0.0-20130729185459-604e922904d3 h1:zN2lZNZRflqFyxVaTIU61KNKQ9C0055u9CAfpmqUvo4=
github.com/golang-collections/collections v0.0.0-20130729185459-604e922904d3/go.mod h1:nPpo7qLxd6XL3hWJG/O60sR8ZKfMCiIoNap5GvD12KU=
github.com/golang-jwt/jwt/v4 v4.2.0 h1:besgBTC8w8HjP6NzQdxwKH9Z5oQMZ24ThTrHp3cZ8eU=
github.com/golang-jwt/jwt/v4 v4.2.0/go.mod h1:/xlHOz8bRuivTWchD4jCa+NbatV+wEUSzwAxVc6locg=
github.com/junhsieh/goexamples v0.0.0-20210908032526-acdd3160140b h1:9HQYGbaDnuRLMuM//SZVkZJ43ANmMStSAQAx4aQX3II=
github.com/junhsieh/goexamples v0.0.0-20210908032526-acdd3160140b/go.mod h1:JNqB8Da6SnlJvmZusESDfgqUkJXO6+/a1by1etsVJ2M=
github.com/lib/pq v1.10.9 h1:YXG7RB+JIjhP29X+OtkiDnYaXQwpS4JEWq7dtCCRUEw=
github.com/lib/pq v1.10.9/go.mod h1:AlVN5x4E4T544tWzH6hKfbfQvm3HdbOxrmggDNAPY9o=
github.com/pmezard/go-difflib v1.0.0 h1:4DBwDE0NGyQoBHbLQYPwSUPoCMWR5BEzIk/f1lZbAQM=
github.com/pmezard/go-difflib v1.0.0/go.mod h1:iKH77koFhYxTK1pcRnkKkqfTogsbg7gZNVY4sRDYZ/4=
github.com/stretchr/testify v1.7.2 h1:4jaiDzPyXQvSd7D0EjG45355tLlV3VOECpq10pLC+8s=
github.com/stretchr/testify v1.7.2/go.mod h1:R6va5+xMeoiuVRoj+gSkQ7d3FALtqAAGI1FQKckRals=
github.com/vercel/go-bridge v0.0.0-20221108222652-296f4c6bdb6d h1:yF16FifsUK1ZfRAiG8c3Sm2hM7PaJGtBduL3BzI7ZE4=
github.com/vercel/go-bridge v0.0.0-20221108222652-296f4c6bdb6d/go.mod h1:RTTykQS0l8RDfOjATEreOpvPDo/yn1zW2nCCP8zBM7E=
golang.org/x/crypto v0.35.0 h1:b15kiHdrGCHrP6LvwaQ3c03kgNhhiMgvlhxHQhmg2Xs=
golang.org/x/crypto v0.35.0/go.mod h1:dy7dXNW32cAb/6/PRuTNsix8T+vJAqvuIy5Bli/x0YQ=
gopkg.in/yaml.v3 v3.0.1 h1:fxVm/GzAzEWqLHuvctI91KS9hhNmmWOoWu0XTYJS7CA=
gopkg.in/yaml.v3 v3.0.1/go.mod h1:K4uyk7z7BCEPqu6E+C64Yfv1cQ7kz7rIZviUmN+EgEM=
